
Microsoft Visual Studio Solution File, Format Version 12.00
# Visual Studio Version 16
VisualStudioVersion = 16.0.31911.196
MinimumVisualStudioVersion = 10.0.40219.1
Project("{FAE04EC0-301F-11D3-BF4B-00C04F79EFBC}") = "Library.Core", "Library.Core\Library.Core.csproj", "{388E04C4-4698-4E98-A34B-B2EAB305D4E6}"
EndProject
Project("{FAE04EC0-301F-11D3-BF4B-00C04F79EFBC}") = "Library.DesktopUI", "Library.DesktopUI\Library.DesktopUI.csproj", "{8589B342-40D6-434D-81CA-F5A4D8A9F509}"
EndProject
Global
	GlobalSection(SolutionConfigurationPlatforms) = preSolution
		Debug|Any CPU = Debug|Any CPU
		Release|Any CPU = Release|Any CPU
	EndGlobalSection
	GlobalSection(ProjectConfigurationPlatforms) = postSolution
		{388E04C4-4698-4E98-A34B-B2EAB305D4E6}.Debug|Any CPU.ActiveCfg = Debug|Any CPU
		{388E04C4-4698-4E98-A34B-B2EAB305D4E6}.Debug|Any CPU.Build.0 = Debug|Any CPU
		{388E04C4-4698-4E98-A34B-B2EAB305D4E6}.Release|Any CPU.ActiveCfg = Release|Any CPU
		{388E04C4-4698-4E98-A34B-B2EAB305D4E6}.Release|Any CPU.Build.0 = Release|Any CPU
		{8589B342-40D6-434D-81CA-F5A4D8A9F509}.Debug|Any CPU.ActiveCfg = Debug|Any CPU
		{8589B342-40D6-434D-81CA-F5A4D8A9F509}.Debug|Any CPU.Build.0 = Debug|Any CPU
		{8589B342-40D6-434D-81CA-F5A4D8A9F509}.Release|Any CPU.ActiveCfg = Release|Any CPU
		{8589B342-40D6-434D-81CA-F5A4D8A9F509}.Release|Any CPU.Build.0 = Release|Any CPU
	EndGlobalSection
	GlobalSection(SolutionProperties) = preSolution
		HideSolutionNode = FALSE
	EndGlobalSection
	GlobalSection(ExtensibilityGlobals) = postSolution
		SolutionGuid = {1AD8C0B9-8BC7-45B0-B7C7-4B0CFB9CA9AA}
	EndGlobalSection
EndGlobal
